// !$*UTF8*$!
{
	archiveVersion = 1;
	classes = {
	};
	objectVersion = 46;
	objects = {

/* Begin PBXBuildFile section */
		A69E977E1CDDFCCA00642EFB /* main.m in Sources */ = {isa = PBXBuildFile; fileRef = A69E977D1CDDFCCA00642EFB /* main.m */; };
		A69E97811CDDFCCA00642EFB /* AppDelegate.m in Sources */ = {isa = PBXBuildFile; fileRef = A69E97801CDDFCCA00642EFB /* AppDelegate.m */; };
		A69E97841CDDFCCA00642EFB /* ViewController.m in Sources */ = {isa = PBXBuildFile; fileRef = A69E97831CDDFCCA00642EFB /* ViewController.m */; };
		A69E97871CDDFCCA00642EFB /* Main.storyboard in Resources */ = {isa = PBXBuildFile; fileRef = A69E97851CDDFCCA00642EFB /* Main.storyboard */; };
		A69E97891CDDFCCA00642EFB /* Assets.xcassets in Resources */ = {isa = PBXBuildFile; fileRef = A69E97881CDDFCCA00642EFB /* Assets.xcassets */; };
		A69E978C1CDDFCCA00642EFB /* LaunchScreen.storyboard in Resources */ = {isa = PBXBuildFile; fileRef = A69E978A1CDDFCCA00642EFB /* LaunchScreen.storyboard */; };
		A69E97971CDDFCCA00642EFB /* calculatorTests.m in Sources */ = {isa = PBXBuildFile; fileRef = A69E97961CDDFCCA00642EFB /* calculatorTests.m */; };
		A69E97A51CDE153000642EFB /* PCParser.m in Sources */ = {isa = PBXBuildFile; fileRef = A69E97A41CDE153000642EFB /* PCParser.m */; };
		A69E97A81CDE6CAD00642EFB /* PCTokenCharacterBuffer.m in Sources */ = {isa = PBXBuildFile; fileRef = A69E97A71CDE6CAD00642EFB /* PCTokenCharacterBuffer.m */; };
		A69E97AB1CDE711300642EFB /* PCToken.m in Sources */ = {isa = PBXBuildFile; fileRef = A69E97AA1CDE711300642EFB /* PCToken.m */; };
		A69E97AE1CDF34B900642EFB /* PCExtractor.m in Sources */ = {isa = PBXBuildFile; fileRef = A69E97AD1CDF34B900642EFB /* PCExtractor.m */; };
		A69E97B11CDF34C900642EFB /* PCNumberExtractor.m in Sources */ = {isa = PBXBuildFile; fileRef = A69E97B01CDF34C900642EFB /* PCNumberExtractor.m */; };
		A69E97B41CDF351500642EFB /* PCNumberToken.m in Sources */ = {isa = PBXBuildFile; fileRef = A69E97B31CDF351500642EFB /* PCNumberToken.m */; };
		A69E97BA1CDF4C1800642EFB /* NSCharacterSet+PCCharacterSet.m in Sources */ = {isa = PBXBuildFile; fileRef = A69E97B91CDF4C1800642EFB /* NSCharacterSet+PCCharacterSet.m */; };
		A69E97BE1CDF4E7D00642EFB /* PCAddOperatorToken.m in Sources */ = {isa = PBXBuildFile; fileRef = A69E97BD1CDF4E7D00642EFB /* PCAddOperatorToken.m */; };
		A69E97C11CDF4ED100642EFB /* PCOperatorExtractor.m in Sources */ = {isa = PBXBuildFile; fileRef = A69E97C01CDF4ED100642EFB /* PCOperatorExtractor.m */; };
		A69E97C51CDF5E5E00642EFB /* PCGroupToken.m in Sources */ = {isa = PBXBuildFile; fileRef = A69E97C41CDF5E5E00642EFB /* PCGroupToken.m */; };
		A69E97C81CDF5FD100642EFB /* PCGroupExctractor.m in Sources */ = {isa = PBXBuildFile; fileRef = A69E97C71CDF5FD100642EFB /* PCGroupExctractor.m */; };
		A69E97CB1CDF7A2300642EFB /* PCRawOperatorToken.m in Sources */ = {isa = PBXBuildFile; fileRef = A69E97CA1CDF7A2300642EFB /* PCRawOperatorToken.m */; };
		A69E97CE1CDF7A5C00642EFB /* PCRawPrimitiveValueToken.m in Sources */ = {isa = PBXBuildFile; fileRef = A69E97CD1CDF7A5C00642EFB /* PCRawPrimitiveValueToken.m */; };
		A69E97D11CDF830A00642EFB /* PCOperatorSet.m in Sources */ = {isa = PBXBuildFile; fileRef = A69E97D01CDF830A00642EFB /* PCOperatorSet.m */; };
		A69E97D41CDF87E300642EFB /* PCOperatorToken.m in Sources */ = {isa = PBXBuildFile; fileRef = A69E97D31CDF87E300642EFB /* PCOperatorToken.m */; };
		A69E97D71CDF889400642EFB /* PCPrimitiveValueToken.m in Sources */ = {isa = PBXBuildFile; fileRef = A69E97D61CDF889400642EFB /* PCPrimitiveValueToken.m */; };
/* End PBXBuildFile section */

/* Begin PBXContainerItemProxy section */
		A69E97931CDDFCCA00642EFB /* PBXContainerItemProxy */ = {
			isa = PBXContainerItemProxy;
			containerPortal = A69E97711CDDFCCA00642EFB /* Project object */;
			proxyType = 1;
			remoteGlobalIDString = A69E97781CDDFCCA00642EFB;
			remoteInfo = calculator;
		};
/* End PBXContainerItemProxy section */

/* Begin PBXFileReference section */
		A69E97791CDDFCCA00642EFB /* calculator.app */ = {isa = PBXFileReference; explicitFileType = wrapper.application; includeInIndex = 0; path = calculator.app; sourceTree = BUILT_PRODUCTS_DIR; };
		A69E977D1CDDFCCA00642EFB /* main.m */ = {isa = PBXFileReference; lastKnownFileType = sourcecode.c.objc; path = main.m; sourceTree = "<group>"; };
		A69E977F1CDDFCCA00642EFB /* AppDelegate.h */ = {isa = PBXFileReference; lastKnownFileType = sourcecode.c.h; path = AppDelegate.h; sourceTree = "<group>"; };
		A69E97801CDDFCCA00642EFB /* AppDelegate.m */ = {isa = PBXFileReference; lastKnownFileType = sourcecode.c.objc; path = AppDelegate.m; sourceTree = "<group>"; };
		A69E97821CDDFCCA00642EFB /* ViewController.h */ = {isa = PBXFileReference; lastKnownFileType = sourcecode.c.h; path = ViewController.h; sourceTree = "<group>"; };
		A69E97831CDDFCCA00642EFB /* ViewController.m */ = {isa = PBXFileReference; lastKnownFileType = sourcecode.c.objc; path = ViewController.m; sourceTree = "<group>"; };
		A69E97861CDDFCCA00642EFB /* Base */ = {isa = PBXFileReference; lastKnownFileType = file.storyboard; name = Base; path = Base.lproj/Main.storyboard; sourceTree = "<group>"; };
		A69E97881CDDFCCA00642EFB /* Assets.xcassets */ = {isa = PBXFileReference; lastKnownFileType = folder.assetcatalog; path = Assets.xcassets; sourceTree = "<group>"; };
		A69E978B1CDDFCCA00642EFB /* Base */ = {isa = PBXFileReference; lastKnownFileType = file.storyboard; name = Base; path = Base.lproj/LaunchScreen.storyboard; sourceTree = "<group>"; };
		A69E978D1CDDFCCA00642EFB /* Info.plist */ = {isa = PBXFileReference; lastKnownFileType = text.plist.xml; path = Info.plist; sourceTree = "<group>"; };
		A69E97921CDDFCCA00642EFB /* calculatorTests.xctest */ = {isa = PBXFileReference; explicitFileType = wrapper.cfbundle; includeInIndex = 0; path = calculatorTests.xctest; sourceTree = BUILT_PRODUCTS_DIR; };
		A69E97961CDDFCCA00642EFB /* calculatorTests.m */ = {isa = PBXFileReference; lastKnownFileType = sourcecode.c.objc; path = calculatorTests.m; sourceTree = "<group>"; };
		A69E97981CDDFCCA00642EFB /* Info.plist */ = {isa = PBXFileReference; lastKnownFileType = text.plist.xml; path = Info.plist; sourceTree = "<group>"; };
		A69E97A31CDE153000642EFB /* PCParser.h */ = {isa = PBXFileReference; fileEncoding = 4; lastKnownFileType = sourcecode.c.h; path = PCParser.h; sourceTree = "<group>"; };
		A69E97A41CDE153000642EFB /* PCParser.m */ = {isa = PBXFileReference; fileEncoding = 4; lastKnownFileType = sourcecode.c.objc; path = PCParser.m; sourceTree = "<group>"; };
		A69E97A61CDE6CAD00642EFB /* PCTokenCharacterBuffer.h */ = {isa = PBXFileReference; fileEncoding = 4; lastKnownFileType = sourcecode.c.h; path = PCTokenCharacterBuffer.h; sourceTree = "<group>"; };
		A69E97A71CDE6CAD00642EFB /* PCTokenCharacterBuffer.m */ = {isa = PBXFileReference; fileEncoding = 4; lastKnownFileType = sourcecode.c.objc; path = PCTokenCharacterBuffer.m; sourceTree = "<group>"; };
		A69E97A91CDE711300642EFB /* PCToken.h */ = {isa = PBXFileReference; fileEncoding = 4; lastKnownFileType = sourcecode.c.h; path = PCToken.h; sourceTree = "<group>"; };
		A69E97AA1CDE711300642EFB /* PCToken.m */ = {isa = PBXFileReference; fileEncoding = 4; lastKnownFileType = sourcecode.c.objc; path = PCToken.m; sourceTree = "<group>"; };
		A69E97AC1CDF34B900642EFB /* PCExtractor.h */ = {isa = PBXFileReference; fileEncoding = 4; lastKnownFileType = sourcecode.c.h; path = PCExtractor.h; sourceTree = "<group>"; };
		A69E97AD1CDF34B900642EFB /* PCExtractor.m */ = {isa = PBXFileReference; fileEncoding = 4; lastKnownFileType = sourcecode.c.objc; path = PCExtractor.m; sourceTree = "<group>"; };
		A69E97AF1CDF34C900642EFB /* PCNumberExtractor.h */ = {isa = PBXFileReference; fileEncoding = 4; lastKnownFileType = sourcecode.c.h; path = PCNumberExtractor.h; sourceTree = "<group>"; };
		A69E97B01CDF34C900642EFB /* PCNumberExtractor.m */ = {isa = PBXFileReference; fileEncoding = 4; lastKnownFileType = sourcecode.c.objc; path = PCNumberExtractor.m; sourceTree = "<group>"; };
		A69E97B21CDF351500642EFB /* PCNumberToken.h */ = {isa = PBXFileReference; fileEncoding = 4; lastKnownFileType = sourcecode.c.h; path = PCNumberToken.h; sourceTree = "<group>"; };
		A69E97B31CDF351500642EFB /* PCNumberToken.m */ = {isa = PBXFileReference; fileEncoding = 4; lastKnownFileType = sourcecode.c.objc; path = PCNumberToken.m; sourceTree = "<group>"; };
		A69E97B81CDF4C1800642EFB /* NSCharacterSet+PCCharacterSet.h */ = {isa = PBXFileReference; fileEncoding = 4; lastKnownFileType = sourcecode.c.h; path = "NSCharacterSet+PCCharacterSet.h"; sourceTree = "<group>"; };
		A69E97B91CDF4C1800642EFB /* NSCharacterSet+PCCharacterSet.m */ = {isa = PBXFileReference; fileEncoding = 4; lastKnownFileType = sourcecode.c.objc; path = "NSCharacterSet+PCCharacterSet.m"; sourceTree = "<group>"; };
		A69E97BC1CDF4E7D00642EFB /* PCAddOperatorToken.h */ = {isa = PBXFileReference; fileEncoding = 4; lastKnownFileType = sourcecode.c.h; path = PCAddOperatorToken.h; sourceTree = "<group>"; };
		A69E97BD1CDF4E7D00642EFB /* PCAddOperatorToken.m */ = {isa = PBXFileReference; fileEncoding = 4; lastKnownFileType = sourcecode.c.objc; path = PCAddOperatorToken.m; sourceTree = "<group>"; };
		A69E97BF1CDF4ED100642EFB /* PCOperatorExtractor.h */ = {isa = PBXFileReference; fileEncoding = 4; lastKnownFileType = sourcecode.c.h; path = PCOperatorExtractor.h; sourceTree = "<group>"; };
		A69E97C01CDF4ED100642EFB /* PCOperatorExtractor.m */ = {isa = PBXFileReference; fileEncoding = 4; lastKnownFileType = sourcecode.c.objc; path = PCOperatorExtractor.m; sourceTree = "<group>"; };
		A69E97C31CDF5E5E00642EFB /* PCGroupToken.h */ = {isa = PBXFileReference; fileEncoding = 4; lastKnownFileType = sourcecode.c.h; path = PCGroupToken.h; sourceTree = "<group>"; };
		A69E97C41CDF5E5E00642EFB /* PCGroupToken.m */ = {isa = PBXFileReference; fileEncoding = 4; lastKnownFileType = sourcecode.c.objc; path = PCGroupToken.m; sourceTree = "<group>"; };
		A69E97C61CDF5FD100642EFB /* PCGroupExctractor.h */ = {isa = PBXFileReference; fileEncoding = 4; lastKnownFileType = sourcecode.c.h; path = PCGroupExctractor.h; sourceTree = "<group>"; };
		A69E97C71CDF5FD100642EFB /* PCGroupExctractor.m */ = {isa = PBXFileReference; fileEncoding = 4; lastKnownFileType = sourcecode.c.objc; path = PCGroupExctractor.m; sourceTree = "<group>"; };
		A69E97C91CDF7A2300642EFB /* PCRawOperatorToken.h */ = {isa = PBXFileReference; fileEncoding = 4; lastKnownFileType = sourcecode.c.h; path = PCRawOperatorToken.h; sourceTree = "<group>"; };
		A69E97CA1CDF7A2300642EFB /* PCRawOperatorToken.m */ = {isa = PBXFileReference; fileEncoding = 4; lastKnownFileType = sourcecode.c.objc; path = PCRawOperatorToken.m; sourceTree = "<group>"; };
		A69E97CC1CDF7A5C00642EFB /* PCRawPrimitiveValueToken.h */ = {isa = PBXFileReference; fileEncoding = 4; lastKnownFileType = sourcecode.c.h; path = PCRawPrimitiveValueToken.h; sourceTree = "<group>"; };
		A69E97CD1CDF7A5C00642EFB /* PCRawPrimitiveValueToken.m */ = {isa = PBXFileReference; fileEncoding = 4; lastKnownFileType = sourcecode.c.objc; path = PCRawPrimitiveValueToken.m; sourceTree = "<group>"; };
		A69E97CF1CDF830A00642EFB /* PCOperatorSet.h */ = {isa = PBXFileReference; fileEncoding = 4; lastKnownFileType = sourcecode.c.h; path = PCOperatorSet.h; sourceTree = "<group>"; };
		A69E97D01CDF830A00642EFB /* PCOperatorSet.m */ = {isa = PBXFileReference; fileEncoding = 4; lastKnownFileType = sourcecode.c.objc; path = PCOperatorSet.m; sourceTree = "<group>"; };
		A69E97D21CDF87E300642EFB /* PCOperatorToken.h */ = {isa = PBXFileReference; fileEncoding = 4; lastKnownFileType = sourcecode.c.h; path = PCOperatorToken.h; sourceTree = "<group>"; };
		A69E97D31CDF87E300642EFB /* PCOperatorToken.m */ = {isa = PBXFileReference; fileEncoding = 4; lastKnownFileType = sourcecode.c.objc; path = PCOperatorToken.m; sourceTree = "<group>"; };
		A69E97D51CDF889400642EFB /* PCPrimitiveValueToken.h */ = {isa = PBXFileReference; fileEncoding = 4; lastKnownFileType = sourcecode.c.h; path = PCPrimitiveValueToken.h; sourceTree = "<group>"; };
		A69E97D61CDF889400642EFB /* PCPrimitiveValueToken.m */ = {isa = PBXFileReference; fileEncoding = 4; lastKnownFileType = sourcecode.c.objc; path = PCPrimitiveValueToken.m; sourceTree = "<group>"; };
/* End PBXFileReference section */

/* Begin PBXFrameworksBuildPhase section */
		A69E97761CDDFCCA00642EFB /* Frameworks */ = {
			isa = PBXFrameworksBuildPhase;
			buildActionMask = 2147483647;
			files = (
			);
			runOnlyForDeploymentPostprocessing = 0;
		};
		A69E978F1CDDFCCA00642EFB /* Frameworks */ = {
			isa = PBXFrameworksBuildPhase;
			buildActionMask = 2147483647;
			files = (
			);
			runOnlyForDeploymentPostprocessing = 0;
		};
/* End PBXFrameworksBuildPhase section */

/* Begin PBXGroup section */
		A69E97701CDDFCCA00642EFB = {
			isa = PBXGroup;
			children = (
				A69E977B1CDDFCCA00642EFB /* calculator */,
				A69E97951CDDFCCA00642EFB /* calculatorTests */,
				A69E977A1CDDFCCA00642EFB /* Products */,
			);
			sourceTree = "<group>";
		};
		A69E977A1CDDFCCA00642EFB /* Products */ = {
			isa = PBXGroup;
			children = (
				A69E97791CDDFCCA00642EFB /* calculator.app */,
				A69E97921CDDFCCA00642EFB /* calculatorTests.xctest */,
			);
			name = Products;
			sourceTree = "<group>";
		};
		A69E977B1CDDFCCA00642EFB /* calculator */ = {
			isa = PBXGroup;
			children = (
				A69E97BB1CDF4C2400642EFB /* Tools */,
				A69E97A21CDE022D00642EFB /* Logic */,
				A69E97A11CDE022600642EFB /* UI */,
				A69E97851CDDFCCA00642EFB /* Main.storyboard */,
				A69E977F1CDDFCCA00642EFB /* AppDelegate.h */,
				A69E97801CDDFCCA00642EFB /* AppDelegate.m */,
				A69E97881CDDFCCA00642EFB /* Assets.xcassets */,
				A69E978A1CDDFCCA00642EFB /* LaunchScreen.storyboard */,
				A69E978D1CDDFCCA00642EFB /* Info.plist */,
				A69E977C1CDDFCCA00642EFB /* Supporting Files */,
			);
			path = calculator;
			sourceTree = "<group>";
		};
		A69E977C1CDDFCCA00642EFB /* Supporting Files */ = {
			isa = PBXGroup;
			children = (
				A69E977D1CDDFCCA00642EFB /* main.m */,
			);
			name = "Supporting Files";
			sourceTree = "<group>";
		};
		A69E97951CDDFCCA00642EFB /* calculatorTests */ = {
			isa = PBXGroup;
			children = (
				A69E97961CDDFCCA00642EFB /* calculatorTests.m */,
				A69E97981CDDFCCA00642EFB /* Info.plist */,
			);
			path = calculatorTests;
			sourceTree = "<group>";
		};
		A69E97A11CDE022600642EFB /* UI */ = {
			isa = PBXGroup;
			children = (
				A69E97821CDDFCCA00642EFB /* ViewController.h */,
				A69E97831CDDFCCA00642EFB /* ViewController.m */,
			);
			name = UI;
			sourceTree = "<group>";
		};
		A69E97A21CDE022D00642EFB /* Logic */ = {
			isa = PBXGroup;
			children = (
				A69E97B71CDF358100642EFB /* Parser */,
				A69E97B51CDF351900642EFB /* Tokenizator */,
				A69E97B61CDF352300642EFB /* Extractor */,
			);
			name = Logic;
			sourceTree = "<group>";
		};
		A69E97B51CDF351900642EFB /* Tokenizator */ = {
			isa = PBXGroup;
			children = (
				A69E97CF1CDF830A00642EFB /* PCOperatorSet.h */,
				A69E97D01CDF830A00642EFB /* PCOperatorSet.m */,
				A69E97A91CDE711300642EFB /* PCToken.h */,
				A69E97AA1CDE711300642EFB /* PCToken.m */,
				A69E97D51CDF889400642EFB /* PCPrimitiveValueToken.h */,
				A69E97D61CDF889400642EFB /* PCPrimitiveValueToken.m */,
				A69E97C31CDF5E5E00642EFB /* PCGroupToken.h */,
				A69E97C41CDF5E5E00642EFB /* PCGroupToken.m */,
				A69E97B21CDF351500642EFB /* PCNumberToken.h */,
				A69E97B31CDF351500642EFB /* PCNumberToken.m */,
				A69E97D21CDF87E300642EFB /* PCOperatorToken.h */,
				A69E97D31CDF87E300642EFB /* PCOperatorToken.m */,
				A69E97BC1CDF4E7D00642EFB /* PCAddOperatorToken.h */,
				A69E97BD1CDF4E7D00642EFB /* PCAddOperatorToken.m */,
				A69E97C91CDF7A2300642EFB /* PCRawOperatorToken.h */,
				A69E97CA1CDF7A2300642EFB /* PCRawOperatorToken.m */,
				A69E97CC1CDF7A5C00642EFB /* PCRawPrimitiveValueToken.h */,
				A69E97CD1CDF7A5C00642EFB /* PCRawPrimitiveValueToken.m */,
			);
			name = Tokenizator;
			sourceTree = "<group>";
		};
		A69E97B61CDF352300642EFB /* Extractor */ = {
			isa = PBXGroup;
			children = (
				A69E97AC1CDF34B900642EFB /* PCExtractor.h */,
				A69E97AD1CDF34B900642EFB /* PCExtractor.m */,
				A69E97AF1CDF34C900642EFB /* PCNumberExtractor.h */,
				A69E97B01CDF34C900642EFB /* PCNumberExtractor.m */,
				A69E97BF1CDF4ED100642EFB /* PCOperatorExtractor.h */,
				A69E97C01CDF4ED100642EFB /* PCOperatorExtractor.m */,
				A69E97C61CDF5FD100642EFB /* PCGroupExctractor.h */,
				A69E97C71CDF5FD100642EFB /* PCGroupExctractor.m */,
			);
			name = Extractor;
			sourceTree = "<group>";
		};
		A69E97B71CDF358100642EFB /* Parser */ = {
			isa = PBXGroup;
			children = (
				A69E97A31CDE153000642EFB /* PCParser.h */,
				A69E97A41CDE153000642EFB /* PCParser.m */,
				A69E97A61CDE6CAD00642EFB /* PCTokenCharacterBuffer.h */,
				A69E97A71CDE6CAD00642EFB /* PCTokenCharacterBuffer.m */,
			);
			name = Parser;
			sourceTree = "<group>";
		};
		A69E97BB1CDF4C2400642EFB /* Tools */ = {
			isa = PBXGroup;
			children = (
				A69E97B81CDF4C1800642EFB /* NSCharacterSet+PCCharacterSet.h */,
				A69E97B91CDF4C1800642EFB /* NSCharacterSet+PCCharacterSet.m */,
			);
			name = Tools;
			sourceTree = "<group>";
		};
/* End PBXGroup section */

/* Begin PBXNativeTarget section */
		A69E97781CDDFCCA00642EFB /* calculator */ = {
			isa = PBXNativeTarget;
			buildConfigurationList = A69E979B1CDDFCCA00642EFB /* Build configuration list for PBXNativeTarget "calculator" */;
			buildPhases = (
				A69E97751CDDFCCA00642EFB /* Sources */,
				A69E97761CDDFCCA00642EFB /* Frameworks */,
				A69E97771CDDFCCA00642EFB /* Resources */,
			);
			buildRules = (
			);
			dependencies = (
			);
			name = calculator;
			productName = calculator;
			productReference = A69E97791CDDFCCA00642EFB /* calculator.app */;
			productType = "com.apple.product-type.application";
		};
		A69E97911CDDFCCA00642EFB /* calculatorTests */ = {
			isa = PBXNativeTarget;
			buildConfigurationList = A69E979E1CDDFCCA00642EFB /* Build configuration list for PBXNativeTarget "calculatorTests" */;
			buildPhases = (
				A69E978E1CDDFCCA00642EFB /* Sources */,
				A69E978F1CDDFCCA00642EFB /* Frameworks */,
				A69E97901CDDFCCA00642EFB /* Resources */,
			);
			buildRules = (
			);
			dependencies = (
				A69E97941CDDFCCA00642EFB /* PBXTargetDependency */,
			);
			name = calculatorTests;
			productName = calculatorTests;
			productReference = A69E97921CDDFCCA00642EFB /* calculatorTests.xctest */;
			productType = "com.apple.product-type.bundle.unit-test";
		};
/* End PBXNativeTarget section */

/* Begin PBXProject section */
		A69E97711CDDFCCA00642EFB /* Project object */ = {
			isa = PBXProject;
			attributes = {
				CLASSPREFIX = PC;
				LastUpgradeCheck = 0730;
				ORGANIZATIONNAME = "Pavel Ivanov";
				TargetAttributes = {
					A69E97781CDDFCCA00642EFB = {
						CreatedOnToolsVersion = 7.3;
					};
					A69E97911CDDFCCA00642EFB = {
						CreatedOnToolsVersion = 7.3;
						TestTargetID = A69E97781CDDFCCA00642EFB;
					};
				};
			};
			buildConfigurationList = A69E97741CDDFCCA00642EFB /* Build configuration list for PBXProject "calculator" */;
			compatibilityVersion = "Xcode 3.2";
			developmentRegion = English;
			hasScannedForEncodings = 0;
			knownRegions = (
				en,
				Base,
			);
			mainGroup = A69E97701CDDFCCA00642EFB;
			productRefGroup = A69E977A1CDDFCCA00642EFB /* Products */;
			projectDirPath = "";
			projectRoot = "";
			targets = (
				A69E97781CDDFCCA00642EFB /* calculator */,
				A69E97911CDDFCCA00642EFB /* calculatorTests */,
			);
		};
/* End PBXProject section */

/* Begin PBXResourcesBuildPhase section */
		A69E97771CDDFCCA00642EFB /* Resources */ = {
			isa = PBXResourcesBuildPhase;
			buildActionMask = 2147483647;
			files = (
				A69E978C1CDDFCCA00642EFB /* LaunchScreen.storyboard in Resources */,
				A69E97891CDDFCCA00642EFB /* Assets.xcassets in Resources */,
				A69E97871CDDFCCA00642EFB /* Main.storyboard in Resources */,
			);
			runOnlyForDeploymentPostprocessing = 0;
		};
		A69E97901CDDFCCA00642EFB /* Resources */ = {
			isa = PBXResourcesBuildPhase;
			buildActionMask = 2147483647;
			files = (
			);
			runOnlyForDeploymentPostprocessing = 0;
		};
/* End PBXResourcesBuildPhase section */

/* Begin PBXSourcesBuildPhase section */
		A69E97751CDDFCCA00642EFB /* Sources */ = {
			isa = PBXSourcesBuildPhase;
			buildActionMask = 2147483647;
			files = (
				A69E97841CDDFCCA00642EFB /* ViewController.m in Sources */,
				A69E97C81CDF5FD100642EFB /* PCGroupExctractor.m in Sources */,
				A69E97BE1CDF4E7D00642EFB /* PCAddOperatorToken.m in Sources */,
				A69E97BA1CDF4C1800642EFB /* NSCharacterSet+PCCharacterSet.m in Sources */,
				A69E97C11CDF4ED100642EFB /* PCOperatorExtractor.m in Sources */,
				A69E97A51CDE153000642EFB /* PCParser.m in Sources */,
				A69E97D41CDF87E300642EFB /* PCOperatorToken.m in Sources */,
				A69E97D11CDF830A00642EFB /* PCOperatorSet.m in Sources */,
				A69E97AE1CDF34B900642EFB /* PCExtractor.m in Sources */,
				A69E97811CDDFCCA00642EFB /* AppDelegate.m in Sources */,
				A69E97D71CDF889400642EFB /* PCPrimitiveValueToken.m in Sources */,
				A69E97A81CDE6CAD00642EFB /* PCTokenCharacterBuffer.m in Sources */,
				A69E97CE1CDF7A5C00642EFB /* PCRawPrimitiveValueToken.m in Sources */,
				A69E97AB1CDE711300642EFB /* PCToken.m in Sources */,
				A69E97B11CDF34C900642EFB /* PCNumberExtractor.m in Sources */,
				A69E97CB1CDF7A2300642EFB /* PCRawOperatorToken.m in Sources */,
				A69E97C51CDF5E5E00642EFB /* PCGroupToken.m in Sources */,
				A69E977E1CDDFCCA00642EFB /* main.m in Sources */,
				A69E97B41CDF351500642EFB /* PCNumberToken.m in Sources */,
			);
			runOnlyForDeploymentPostprocessing = 0;
		};
		A69E978E1CDDFCCA00642EFB /* Sources */ = {
			isa = PBXSourcesBuildPhase;
			buildActionMask = 2147483647;
			files = (
				A69E97971CDDFCCA00642EFB /* calculatorTests.m in Sources */,
			);
			runOnlyForDeploymentPostprocessing = 0;
		};
/* End PBXSourcesBuildPhase section */

/* Begin PBXTargetDependency section */
		A69E97941CDDFCCA00642EFB /* PBXTargetDependency */ = {
			isa = PBXTargetDependency;
			target = A69E97781CDDFCCA00642EFB /* calculator */;
			targetProxy = A69E97931CDDFCCA00642EFB /* PBXContainerItemProxy */;
		};
/* End PBXTargetDependency section */

/* Begin PBXVariantGroup section */
		A69E97851CDDFCCA00642EFB /* Main.storyboard */ = {
			isa = PBXVariantGroup;
			children = (
				A69E97861CDDFCCA00642EFB /* Base */,
			);
			name = Main.storyboard;
			sourceTree = "<group>";
		};
		A69E978A1CDDFCCA00642EFB /* LaunchScreen.storyboard */ = {
			isa = PBXVariantGroup;
			children = (
				A69E978B1CDDFCCA00642EFB /* Base */,
			);
			name = LaunchScreen.storyboard;
			sourceTree = "<group>";
		};
/* End PBXVariantGroup section */

/* Begin XCBuildConfiguration section */
		A69E97991CDDFCCA00642EFB /* Debug */ = {
			isa = XCBuildConfiguration;
			buildSettings = {
				ALWAYS_SEARCH_USER_PATHS = NO;
				CLANG_ANALYZER_NONNULL = YES;
				CLANG_CXX_LANGUAGE_STANDARD = "gnu++0x";
				CLANG_CXX_LIBRARY = "libc++";
				CLANG_ENABLE_MODULES = YES;
				CLANG_ENABLE_OBJC_ARC = YES;
				CLANG_WARN_BOOL_CONVERSION = YES;
				CLANG_WARN_CONSTANT_CONVERSION = YES;
				CLANG_WARN_DIRECT_OBJC_ISA_USAGE = YES_ERROR;
				CLANG_WARN_EMPTY_BODY = YES;
				CLANG_WARN_ENUM_CONVERSION = YES;
				CLANG_WARN_INT_CONVERSION = YES;
				CLANG_WARN_OBJC_ROOT_CLASS = YES_ERROR;
				CLANG_WARN_UNREACHABLE_CODE = YES;
				CLANG_WARN__DUPLICATE_METHOD_MATCH = YES;
				"CODE_SIGN_IDENTITY[sdk=iphoneos*]" = "iPhone Developer";
				COPY_PHASE_STRIP = NO;
				DEBUG_INFORMATION_FORMAT = dwarf;
				ENABLE_STRICT_OBJC_MSGSEND = YES;
				ENABLE_TESTABILITY = YES;
				GCC_C_LANGUAGE_STANDARD = gnu99;
				GCC_DYNAMIC_NO_PIC = NO;
				GCC_NO_COMMON_BLOCKS = YES;
				GCC_OPTIMIZATION_LEVEL = 0;
				GCC_PREPROCESSOR_DEFINITIONS = (
					"DEBUG=1",
					"$(inherited)",
				);
				GCC_WARN_64_TO_32_BIT_CONVERSION = YES;
				GCC_WARN_ABOUT_RETURN_TYPE = YES_ERROR;
				GCC_WARN_UNDECLARED_SELECTOR = YES;
				GCC_WARN_UNINITIALIZED_AUTOS = YES_AGGRESSIVE;
				GCC_WARN_UNUSED_FUNCTION = YES;
				GCC_WARN_UNUSED_VARIABLE = YES;
				IPHONEOS_DEPLOYMENT_TARGET = 9.3;
				MTL_ENABLE_DEBUG_INFO = YES;
				ONLY_ACTIVE_ARCH = YES;
				SDKROOT = iphoneos;
			};
			name = Debug;
		};
		A69E979A1CDDFCCA00642EFB /* Release */ = {
			isa = XCBuildConfiguration;
			buildSettings = {
				ALWAYS_SEARCH_USER_PATHS = NO;
				CLANG_ANALYZER_NONNULL = YES;
				CLANG_CXX_LANGUAGE_STANDARD = "gnu++0x";
				CLANG_CXX_LIBRARY = "libc++";
				CLANG_ENABLE_MODULES = YES;
				CLANG_ENABLE_OBJC_ARC = YES;
				CLANG_WARN_BOOL_CONVERSION = YES;
				CLANG_WARN_CONSTANT_CONVERSION = YES;
				CLANG_WARN_DIRECT_OBJC_ISA_USAGE = YES_ERROR;
				CLANG_WARN_EMPTY_BODY = YES;
				CLANG_WARN_ENUM_CONVERSION = YES;
				CLANG_WARN_INT_CONVERSION = YES;
				CLANG_WARN_OBJC_ROOT_CLASS = YES_ERROR;
				CLANG_WARN_UNREACHABLE_CODE = YES;
				CLANG_WARN__DUPLICATE_METHOD_MATCH = YES;
				"CODE_SIGN_IDENTITY[sdk=iphoneos*]" = "iPhone Developer";
				COPY_PHASE_STRIP = NO;
				DEBUG_INFORMATION_FORMAT = "dwarf-with-dsym";
				ENABLE_NS_ASSERTIONS = NO;
				ENABLE_STRICT_OBJC_MSGSEND = YES;
				GCC_C_LANGUAGE_STANDARD = gnu99;
				GCC_NO_COMMON_BLOCKS = YES;
				GCC_WARN_64_TO_32_BIT_CONVERSION = YES;
				GCC_WARN_ABOUT_RETURN_TYPE = YES_ERROR;
				GCC_WARN_UNDECLARED_SELECTOR = YES;
				GCC_WARN_UNINITIALIZED_AUTOS = YES_AGGRESSIVE;
				GCC_WARN_UNUSED_FUNCTION = YES;
				GCC_WARN_UNUSED_VARIABLE = YES;
				IPHONEOS_DEPLOYMENT_TARGET = 9.3;
				MTL_ENABLE_DEBUG_INFO = NO;
				SDKROOT = iphoneos;
				VALIDATE_PRODUCT = YES;
			};
			name = Release;
		};
		A69E979C1CDDFCCA00642EFB /* Debug */ = {
			isa = XCBuildConfiguration;
			buildSettings = {
				ASSETCATALOG_COMPILER_APPICON_NAME = AppIcon;
				INFOPLIST_FILE = calculator/Info.plist;
				LD_RUNPATH_SEARCH_PATHS = "$(inherited) @executable_path/Frameworks";
				PRODUCT_BUNDLE_IDENTIFIER = com.paulchelly.calculator;
				PRODUCT_NAME = "$(TARGET_NAME)";
			};
			name = Debug;
		};
		A69E979D1CDDFCCA00642EFB /* Release */ = {
			isa = XCBuildConfiguration;
			buildSettings = {
				ASSETCATALOG_COMPILER_APPICON_NAME = AppIcon;
				INFOPLIST_FILE = calculator/Info.plist;
				LD_RUNPATH_SEARCH_PATHS = "$(inherited) @executable_path/Frameworks";
				PRODUCT_BUNDLE_IDENTIFIER = com.paulchelly.calculator;
				PRODUCT_NAME = "$(TARGET_NAME)";
			};
			name = Release;
		};
		A69E979F1CDDFCCA00642EFB /* Debug */ = {
			isa = XCBuildConfiguration;
			buildSettings = {
				BUNDLE_LOADER = "$(TEST_HOST)";
				INFOPLIST_FILE = calculatorTests/Info.plist;
				LD_RUNPATH_SEARCH_PATHS = "$(inherited) @executable_path/Frameworks @loader_path/Frameworks";
				PRODUCT_BUNDLE_IDENTIFIER = com.paulchelly.calculatorTests;
				PRODUCT_NAME = "$(TARGET_NAME)";
				TEST_HOST = "$(BUILT_PRODUCTS_DIR)/calculator.app/calculator";
			};
			name = Debug;
		};
		A69E97A01CDDFCCA00642EFB /* Release */ = {
			isa = XCBuildConfiguration;
			buildSettings = {
				BUNDLE_LOADER = "$(TEST_HOST)";
				INFOPLIST_FILE = calculatorTests/Info.plist;
				LD_RUNPATH_SEARCH_PATHS = "$(inherited) @executable_path/Frameworks @loader_path/Frameworks";
				PRODUCT_BUNDLE_IDENTIFIER = com.paulchelly.calculatorTests;
				PRODUCT_NAME = "$(TARGET_NAME)";
				TEST_HOST = "$(BUILT_PRODUCTS_DIR)/calculator.app/calculator";
			};
			name = Release;
		};
/* End XCBuildConfiguration section */

/* Begin XCConfigurationList section */
		A69E97741CDDFCCA00642EFB /* Build configuration list for PBXProject "calculator" */ = {
			isa = XCConfigurationList;
			buildConfigurations = (
				A69E97991CDDFCCA00642EFB /* Debug */,
				A69E979A1CDDFCCA00642EFB /* Release */,
			);
			defaultConfigurationIsVisible = 0;
			defaultConfigurationName = Release;
		};
		A69E979B1CDDFCCA00642EFB /* Build configuration list for PBXNativeTarget "calculator" */ = {
			isa = XCConfigurationList;
			buildConfigurations = (
				A69E979C1CDDFCCA00642EFB /* Debug */,
				A69E979D1CDDFCCA00642EFB /* Release */,
			);
			defaultConfigurationIsVisible = 0;
		};
		A69E979E1CDDFCCA00642EFB /* Build configuration list for PBXNativeTarget "calculatorTests" */ = {
			isa = XCConfigurationList;
			buildConfigurations = (
				A69E979F1CDDFCCA00642EFB /* Debug */,
				A69E97A01CDDFCCA00642EFB /* Release */,
			);
			defaultConfigurationIsVisible = 0;
		};
/* End XCConfigurationList section */
	};
	rootObject = A69E97711CDDFCCA00642EFB /* Project object */;
}
